// !$*UTF8*$!
{
	archiveVersion = 1;
	classes = {
	};
	objectVersion = 56;
	objects = {

/* Begin PBXBuildFile section */
		3B382E782B4ADF4500D9F8D2 /* DataModel.swift in Sources */ = {isa = PBXBuildFile; fileRef = 3B382E772B4ADF4500D9F8D2 /* DataModel.swift */; };
		3B5128822AF8E4DA003185B5 /* AppDelegate.swift in Sources */ = {isa = PBXBuildFile; fileRef = 3B5128812AF8E4DA003185B5 /* AppDelegate.swift */; };
		3B5128842AF8E4DA003185B5 /* SceneDelegate.swift in Sources */ = {isa = PBXBuildFile; fileRef = 3B5128832AF8E4DA003185B5 /* SceneDelegate.swift */; };
		3B5128862AF8E4DA003185B5 /* ToDoViewController.swift in Sources */ = {isa = PBXBuildFile; fileRef = 3B5128852AF8E4DA003185B5 /* ToDoViewController.swift */; };
		3B5128892AF8E4DA003185B5 /* Main.storyboard in Resources */ = {isa = PBXBuildFile; fileRef = 3B5128872AF8E4DA003185B5 /* Main.storyboard */; };
		3B51288B2AF8E4E2003185B5 /* Assets.xcassets in Resources */ = {isa = PBXBuildFile; fileRef = 3B51288A2AF8E4E2003185B5 /* Assets.xcassets */; };
		3B51288E2AF8E4E2003185B5 /* LaunchScreen.storyboard in Resources */ = {isa = PBXBuildFile; fileRef = 3B51288C2AF8E4E2003185B5 /* LaunchScreen.storyboard */; };
		3B5128962AF8F04D003185B5 /* CustomTableViewCell.swift in Sources */ = {isa = PBXBuildFile; fileRef = 3B5128952AF8F04D003185B5 /* CustomTableViewCell.swift */; };
/* End PBXBuildFile section */

/* Begin PBXFileReference section */
		3B382E772B4ADF4500D9F8D2 /* DataModel.swift */ = {isa = PBXFileReference; lastKnownFileType = sourcecode.swift; path = DataModel.swift; sourceTree = "<group>"; };
		3B51287E2AF8E4DA003185B5 /* MarkDown.app */ = {isa = PBXFileReference; explicitFileType = wrapper.application; includeInIndex = 0; path = MarkDown.app; sourceTree = BUILT_PRODUCTS_DIR; };
		3B5128812AF8E4DA003185B5 /* AppDelegate.swift */ = {isa = PBXFileReference; lastKnownFileType = sourcecode.swift; path = AppDelegate.swift; sourceTree = "<group>"; };
		3B5128832AF8E4DA003185B5 /* SceneDelegate.swift */ = {isa = PBXFileReference; lastKnownFileType = sourcecode.swift; path = SceneDelegate.swift; sourceTree = "<group>"; };
		3B5128852AF8E4DA003185B5 /* ToDoViewController.swift */ = {isa = PBXFileReference; lastKnownFileType = sourcecode.swift; path = ToDoViewController.swift; sourceTree = "<group>"; };
		3B5128882AF8E4DA003185B5 /* Base */ = {isa = PBXFileReference; lastKnownFileType = file.storyboard; name = Base; path = Base.lproj/Main.storyboard; sourceTree = "<group>"; };
		3B51288A2AF8E4E2003185B5 /* Assets.xcassets */ = {isa = PBXFileReference; lastKnownFileType = folder.assetcatalog; path = Assets.xcassets; sourceTree = "<group>"; };
		3B51288D2AF8E4E2003185B5 /* Base */ = {isa = PBXFileReference; lastKnownFileType = file.storyboard; name = Base; path = Base.lproj/LaunchScreen.storyboard; sourceTree = "<group>"; };
		3B51288F2AF8E4E2003185B5 /* Info.plist */ = {isa = PBXFileReference; lastKnownFileType = text.plist.xml; path = Info.plist; sourceTree = "<group>"; };
		3B5128952AF8F04D003185B5 /* CustomTableViewCell.swift */ = {isa = PBXFileReference; lastKnownFileType = sourcecode.swift; path = CustomTableViewCell.swift; sourceTree = "<group>"; };
/* End PBXFileReference section */

/* Begin PBXFrameworksBuildPhase section */
		3B51287B2AF8E4DA003185B5 /* Frameworks */ = {
			isa = PBXFrameworksBuildPhase;
			buildActionMask = 2147483647;
			files = (
			);
			runOnlyForDeploymentPostprocessing = 0;
		};
/* End PBXFrameworksBuildPhase section */

/* Begin PBXGroup section */
		3B5128752AF8E4DA003185B5 = {
			isa = PBXGroup;
			children = (
				3B5128802AF8E4DA003185B5 /* MarkDown */,
				3B51287F2AF8E4DA003185B5 /* Products */,
			);
			sourceTree = "<group>";
		};
		3B51287F2AF8E4DA003185B5 /* Products */ = {
			isa = PBXGroup;
			children = (
				3B51287E2AF8E4DA003185B5 /* MarkDown.app */,
			);
			name = Products;
			sourceTree = "<group>";
		};
		3B5128802AF8E4DA003185B5 /* MarkDown */ = {
			isa = PBXGroup;
			children = (
				3B5128812AF8E4DA003185B5 /* AppDelegate.swift */,
				3B5128832AF8E4DA003185B5 /* SceneDelegate.swift */,
				3B6988182B4AF0360033DAE8 /* Model */,
				3B69881A2B4AF07A0033DAE8 /* View */,
				3B6988192B4AF0490033DAE8 /* Controller */,
				3B5128872AF8E4DA003185B5 /* Main.storyboard */,
				3B51288A2AF8E4E2003185B5 /* Assets.xcassets */,
				3B51288C2AF8E4E2003185B5 /* LaunchScreen.storyboard */,
				3B51288F2AF8E4E2003185B5 /* Info.plist */,
			);
			path = MarkDown;
			sourceTree = "<group>";
		};
		3B6988182B4AF0360033DAE8 /* Model */ = {
			isa = PBXGroup;
			children = (
				3B382E772B4ADF4500D9F8D2 /* DataModel.swift */,
			);
			path = Model;
			sourceTree = "<group>";
		};
		3B6988192B4AF0490033DAE8 /* Controller */ = {
			isa = PBXGroup;
			children = (
				3B5128852AF8E4DA003185B5 /* ToDoViewController.swift */,
			);
			path = Controller;
			sourceTree = "<group>";
		};
		3B69881A2B4AF07A0033DAE8 /* View */ = {
			isa = PBXGroup;
			children = (
				3B5128952AF8F04D003185B5 /* CustomTableViewCell.swift */,
			);
			path = View;
			sourceTree = "<group>";
		};
/* End PBXGroup section */

/* Begin PBXNativeTarget section */
		3B51287D2AF8E4DA003185B5 /* MarkDown */ = {
			isa = PBXNativeTarget;
			buildConfigurationList = 3B5128922AF8E4E2003185B5 /* Build configuration list for PBXNativeTarget "MarkDown" */;
			buildPhases = (
				3B51287A2AF8E4DA003185B5 /* Sources */,
				3B51287B2AF8E4DA003185B5 /* Frameworks */,
				3B51287C2AF8E4DA003185B5 /* Resources */,
			);
			buildRules = (
			);
			dependencies = (
			);
			name = MarkDown;
			productName = MarkDown;
			productReference = 3B51287E2AF8E4DA003185B5 /* MarkDown.app */;
			productType = "com.apple.product-type.application";
		};
/* End PBXNativeTarget section */

/* Begin PBXProject section */
		3B5128762AF8E4DA003185B5 /* Project object */ = {
			isa = PBXProject;
			attributes = {
				BuildIndependentTargetsInParallel = 1;
				LastSwiftUpdateCheck = 1420;
				LastUpgradeCheck = 1420;
				TargetAttributes = {
					3B51287D2AF8E4DA003185B5 = {
						CreatedOnToolsVersion = 14.2;
					};
				};
			};
			buildConfigurationList = 3B5128792AF8E4DA003185B5 /* Build configuration list for PBXProject "MarkDown" */;
			compatibilityVersion = "Xcode 14.0";
			developmentRegion = en;
			hasScannedForEncodings = 0;
			knownRegions = (
				en,
				Base,
			);
			mainGroup = 3B5128752AF8E4DA003185B5;
			productRefGroup = 3B51287F2AF8E4DA003185B5 /* Products */;
			projectDirPath = "";
			projectRoot = "";
			targets = (
				3B51287D2AF8E4DA003185B5 /* MarkDown */,
			);
		};
/* End PBXProject section */

/* Begin PBXResourcesBuildPhase section */
		3B51287C2AF8E4DA003185B5 /* Resources */ = {
			isa = PBXResourcesBuildPhase;
			buildActionMask = 2147483647;
			files = (
				3B51288E2AF8E4E2003185B5 /* LaunchScreen.storyboard in Resources */,
				3B51288B2AF8E4E2003185B5 /* Assets.xcassets in Resources */,
				3B5128892AF8E4DA003185B5 /* Main.storyboard in Resources */,
			);
			runOnlyForDeploymentPostprocessing = 0;
		};
/* End PBXResourcesBuildPhase section */

/* Begin PBXSourcesBuildPhase section */
		3B51287A2AF8E4DA003185B5 /* Sources */ = {
			isa = PBXSourcesBuildPhase;
			buildActionMask = 2147483647;
			files = (
				3B382E782B4ADF4500D9F8D2 /* DataModel.swift in Sources */,
				3B5128862AF8E4DA003185B5 /* ToDoViewController.swift in Sources */,
				3B5128822AF8E4DA003185B5 /* AppDelegate.swift in Sources */,
				3B5128962AF8F04D003185B5 /* CustomTableViewCell.swift in Sources */,
				3B5128842AF8E4DA003185B5 /* SceneDelegate.swift in Sources */,
			);
			runOnlyForDeploymentPostprocessing = 0;
		};
/* End PBXSourcesBuildPhase section */

/* Begin PBXVariantGroup section */
		3B5128872AF8E4DA003185B5 /* Main.storyboard */ = {
			isa = PBXVariantGroup;
			children = (
				3B5128882AF8E4DA003185B5 /* Base */,
			);
			name = Main.storyboard;
			sourceTree = "<group>";
		};
		3B51288C2AF8E4E2003185B5 /* LaunchScreen.storyboard */ = {
			isa = PBXVariantGroup;
			children = (
				3B51288D2AF8E4E2003185B5 /* Base */,
			);
			name = LaunchScreen.storyboard;
			sourceTree = "<group>";
		};
/* End PBXVariantGroup section */

/* Begin XCBuildConfiguration section */
		3B5128902AF8E4E2003185B5 /* Debug */ = {
			isa = XCBuildConfiguration;
			buildSettings = {
				ALWAYS_SEARCH_USER_PATHS = NO;
				CLANG_ANALYZER_NONNULL = YES;
				CLANG_ANALYZER_NUMBER_OBJECT_CONVERSION = YES_AGGRESSIVE;
				CLANG_CXX_LANGUAGE_STANDARD = "gnu++20";
				CLANG_ENABLE_MODULES = YES;
				CLANG_ENABLE_OBJC_ARC = YES;
				CLANG_ENABLE_OBJC_WEAK = YES;
				CLANG_WARN_BLOCK_CAPTURE_AUTORELEASING = YES;
				CLANG_WARN_BOOL_CONVERSION = YES;
				CLANG_WARN_COMMA = YES;
				CLANG_WARN_CONSTANT_CONVERSION = YES;
				CLANG_WARN_DEPRECATED_OBJC_IMPLEMENTATIONS = YES;
				CLANG_WARN_DIRECT_OBJC_ISA_USAGE = YES_ERROR;
				CLANG_WARN_DOCUMENTATION_COMMENTS = YES;
				CLANG_WARN_EMPTY_BODY = YES;
				CLANG_WARN_ENUM_CONVERSION = YES;
				CLANG_WARN_INFINITE_RECURSION = YES;
				CLANG_WARN_INT_CONVERSION = YES;
				CLANG_WARN_NON_LITERAL_NULL_CONVERSION = YES;
				CLANG_WARN_OBJC_IMPLICIT_RETAIN_SELF = YES;
				CLANG_WARN_OBJC_LITERAL_CONVERSION = YES;
				CLANG_WARN_OBJC_ROOT_CLASS = YES_ERROR;
				CLANG_WARN_QUOTED_INCLUDE_IN_FRAMEWORK_HEADER = YES;
				CLANG_WARN_RANGE_LOOP_ANALYSIS = YES;
				CLANG_WARN_STRICT_PROTOTYPES = YES;
				CLANG_WARN_SUSPICIOUS_MOVE = YES;
				CLANG_WARN_UNGUARDED_AVAILABILITY = YES_AGGRESSIVE;
				CLANG_WARN_UNREACHABLE_CODE = YES;
				CLANG_WARN__DUPLICATE_METHOD_MATCH = YES;
				COPY_PHASE_STRIP = NO;
				DEBUG_INFORMATION_FORMAT = dwarf;
				ENABLE_STRICT_OBJC_MSGSEND = YES;
				ENABLE_TESTABILITY = YES;
				GCC_C_LANGUAGE_STANDARD = gnu11;
				GCC_DYNAMIC_NO_PIC = NO;
				GCC_NO_COMMON_BLOCKS = YES;
				GCC_OPTIMIZATION_LEVEL = 0;
				GCC_PREPROCESSOR_DEFINITIONS = (
					"DEBUG=1",
					"$(inherited)",
				);
				GCC_WARN_64_TO_32_BIT_CONVERSION = YES;
				GCC_WARN_ABOUT_RETURN_TYPE = YES_ERROR;
				GCC_WARN_UNDECLARED_SELECTOR = YES;
				GCC_WARN_UNINITIALIZED_AUTOS = YES_AGGRESSIVE;
				GCC_WARN_UNUSED_FUNCTION = YES;
				GCC_WARN_UNUSED_VARIABLE = YES;
				IPHONEOS_DEPLOYMENT_TARGET = 16.2;
				MTL_ENABLE_DEBUG_INFO = INCLUDE_SOURCE;
				MTL_FAST_MATH = YES;
				ONLY_ACTIVE_ARCH = YES;
				SDKROOT = iphoneos;
				SWIFT_ACTIVE_COMPILATION_CONDITIONS = DEBUG;
				SWIFT_OPTIMIZATION_LEVEL = "-Onone";
			};
			name = Debug;
		};
		3B5128912AF8E4E2003185B5 /* Release */ = {
			isa = XCBuildConfiguration;
			buildSettings = {
				ALWAYS_SEARCH_USER_PATHS = NO;
				CLANG_ANALYZER_NONNULL = YES;
				CLANG_ANALYZER_NUMBER_OBJECT_CONVERSION = YES_AGGRESSIVE;
				CLANG_CXX_LANGUAGE_STANDARD = "gnu++20";
				CLANG_ENABLE_MODULES = YES;
				CLANG_ENABLE_OBJC_ARC = YES;
				CLANG_ENABLE_OBJC_WEAK = YES;
				CLANG_WARN_BLOCK_CAPTURE_AUTORELEASING = YES;
				CLANG_WARN_BOOL_CONVERSION = YES;
				CLANG_WARN_COMMA = YES;
				CLANG_WARN_CONSTANT_CONVERSION = YES;
				CLANG_WARN_DEPRECATED_OBJC_IMPLEMENTATIONS = YES;
				CLANG_WARN_DIRECT_OBJC_ISA_USAGE = YES_ERROR;
				CLANG_WARN_DOCUMENTATION_COMMENTS = YES;
				CLANG_WARN_EMPTY_BODY = YES;
				CLANG_WARN_ENUM_CONVERSION = YES;
				CLANG_WARN_INFINITE_RECURSION = YES;
				CLANG_WARN_INT_CONVERSION = YES;
				CLANG_WARN_NON_LITERAL_NULL_CONVERSION = YES;
				CLANG_WARN_OBJC_IMPLICIT_RETAIN_SELF = YES;
				CLANG_WARN_OBJC_LITERAL_CONVERSION = YES;
				CLANG_WARN_OBJC_ROOT_CLASS = YES_ERROR;
				CLANG_WARN_QUOTED_INCLUDE_IN_FRAMEWORK_HEADER = YES;
				CLANG_WARN_RANGE_LOOP_ANALYSIS = YES;
				CLANG_WARN_STRICT_PROTOTYPES = YES;
				CLANG_WARN_SUSPICIOUS_MOVE = YES;
				CLANG_WARN_UNGUARDED_AVAILABILITY = YES_AGGRESSIVE;
				CLANG_WARN_UNREACHABLE_CODE = YES;
				CLANG_WARN__DUPLICATE_METHOD_MATCH = YES;
				COPY_PHASE_STRIP = NO;
				DEBUG_INFORMATION_FORMAT = "dwarf-with-dsym";
				ENABLE_NS_ASSERTIONS = NO;
				ENABLE_STRICT_OBJC_MSGSEND = YES;
				GCC_C_LANGUAGE_STANDARD = gnu11;
				GCC_NO_COMMON_BLOCKS = YES;
				GCC_WARN_64_TO_32_BIT_CONVERSION = YES;
				GCC_WARN_ABOUT_RETURN_TYPE = YES_ERROR;
				GCC_WARN_UNDECLARED_SELECTOR = YES;
				GCC_WARN_UNINITIALIZED_AUTOS = YES_AGGRESSIVE;
				GCC_WARN_UNUSED_FUNCTION = YES;
				GCC_WARN_UNUSED_VARIABLE = YES;
				IPHONEOS_DEPLOYMENT_TARGET = 16.2;
				MTL_ENABLE_DEBUG_INFO = NO;
				MTL_FAST_MATH = YES;
				SDKROOT = iphoneos;
				SWIFT_COMPILATION_MODE = wholemodule;
				SWIFT_OPTIMIZATION_LEVEL = "-O";
				VALIDATE_PRODUCT = YES;
			};
			name = Release;
		};
		3B5128932AF8E4E2003185B5 /* Debug */ = {
			isa = XCBuildConfiguration;
			buildSettings = {
				ASSETCATALOG_COMPILER_APPICON_NAME = AppIcon;
				ASSETCATALOG_COMPILER_GLOBAL_ACCENT_COLOR_NAME = AccentColor;
				CODE_SIGN_STYLE = Automatic;
				CURRENT_PROJECT_VERSION = 1;
				DEVELOPMENT_TEAM = 3EGXVN72T4;
				GENERATE_INFOPLIST_FILE = YES;
				INFOPLIST_FILE = MarkDown/Info.plist;
				INFOPLIST_KEY_UIApplicationSupportsIndirectInputEvents = YES;
				INFOPLIST_KEY_UILaunchStoryboardName = LaunchScreen;
				INFOPLIST_KEY_UIMainStoryboardFile = Main;
				INFOPLIST_KEY_UISupportedInterfaceOrientations_iPad = "UIInterfaceOrientationPortrait UIInterfaceOrientationPortraitUpsideDown UIInterfaceOrientationLandscapeLeft UIInterfaceOrientationLandscapeRight";
				INFOPLIST_KEY_UISupportedInterfaceOrientations_iPhone = "UIInterfaceOrientationPortrait UIInterfaceOrientationLandscapeLeft UIInterfaceOrientationLandscapeRight";
				LD_RUNPATH_SEARCH_PATHS = (
					"$(inherited)",
					"@executable_path/Frameworks",
				);
				MARKETING_VERSION = 1.0;
				PRODUCT_BUNDLE_IDENTIFIER = MarkDown.MarkDown;
				PRODUCT_NAME = "$(TARGET_NAME)";
				SWIFT_EMIT_LOC_STRINGS = YES;
				SWIFT_VERSION = 5.0;
				TARGETED_DEVICE_FAMILY = "1,2";
			};
			name = Debug;
		};
		3B5128942AF8E4E2003185B5 /* Release */ = {
			isa = XCBuildConfiguration;
			buildSettings = {
				ASSETCATALOG_COMPILER_APPICON_NAME = AppIcon;
				ASSETCATALOG_COMPILER_GLOBAL_ACCENT_COLOR_NAME = AccentColor;
				CODE_SIGN_STYLE = Automatic;
				CURRENT_PROJECT_VERSION = 1;
				DEVELOPMENT_TEAM = 3EGXVN72T4;
				GENERATE_INFOPLIST_FILE = YES;
				INFOPLIST_FILE = MarkDown/Info.plist;
				INFOPLIST_KEY_UIApplicationSupportsIndirectInputEvents = YES;
				INFOPLIST_KEY_UILaunchStoryboardName = LaunchScreen;
				INFOPLIST_KEY_UIMainStoryboardFile = Main;
				INFOPLIST_KEY_UISupportedInterfaceOrientations_iPad = "UIInterfaceOrientationPortrait UIInterfaceOrientationPortraitUpsideDown UIInterfaceOrientationLandscapeLeft UIInterfaceOrientationLandscapeRight";
				INFOPLIST_KEY_UISupportedInterfaceOrientations_iPhone = "UIInterfaceOrientationPortrait UIInterfaceOrientationLandscapeLeft UIInterfaceOrientationLandscapeRight";
				LD_RUNPATH_SEARCH_PATHS = (
					"$(inherited)",
					"@executable_path/Frameworks",
				);
				MARKETING_VERSION = 1.0;
				PRODUCT_BUNDLE_IDENTIFIER = MarkDown.MarkDown;
				PRODUCT_NAME = "$(TARGET_NAME)";
				SWIFT_EMIT_LOC_STRINGS = YES;
				SWIFT_VERSION = 5.0;
				TARGETED_DEVICE_FAMILY = "1,2";
			};
			name = Release;
		};
/* End XCBuildConfiguration section */

/* Begin XCConfigurationList section */
		3B5128792AF8E4DA003185B5 /* Build configuration list for PBXProject "MarkDown" */ = {
			isa = XCConfigurationList;
			buildConfigurations = (
				3B5128902AF8E4E2003185B5 /* Debug */,
				3B5128912AF8E4E2003185B5 /* Release */,
			);
			defaultConfigurationIsVisible = 0;
			defaultConfigurationName = Release;
		};
		3B5128922AF8E4E2003185B5 /* Build configuration list for PBXNativeTarget "MarkDown" */ = {
			isa = XCConfigurationList;
			buildConfigurations = (
				3B5128932AF8E4E2003185B5 /* Debug */,
				3B5128942AF8E4E2003185B5 /* Release */,
			);
			defaultConfigurationIsVisible = 0;
			defaultConfigurationName = Release;
		};
/* End XCConfigurationList section */
	};
	rootObject = 3B5128762AF8E4DA003185B5 /* Project object */;
}
